PODS:
  - Bolts (1.5.0):
    - Bolts/AppLinks (= 1.5.0)
    - Bolts/Tasks (= 1.5.0)
  - Bolts/AppLinks (1.5.0):
    - Bolts/Tasks
  - Bolts/Tasks (1.5.0)
  - FBSDKCoreKit (4.8.0):
    - Bolts (~> 1.1)
    - FBSDKCoreKit/arc (= 4.8.0)
    - FBSDKCoreKit/no-arc (= 4.8.0)
  - FBSDKCoreKit/arc (4.8.0):
    - Bolts (~> 1.1)
  - FBSDKCoreKit/no-arc (4.8.0):
    - Bolts (~> 1.1)
    - FBSDKCoreKit/arc
  - FBSDKLoginKit (4.8.0):
    - FBSDKCoreKit
  - M13OrderedDictionary (1.1.0)
  - ObjectiveDDP (0.1.8):
    - M13OrderedDictionary
    - SocketRocket (= 0.3.1-beta2)
  - SocketRocket (0.3.1-beta2)

DEPENDENCIES:
  - FBSDKCoreKit
  - FBSDKLoginKit
  - ObjectiveDDP

SPEC CHECKSUMS:
  Bolts: 722ab9a4f8b50fc4ed1b9998a5a7a2b3f16d80b4
  FBSDKCoreKit: 66a935d17b6e00b6b64e604f2eb9b72c9ab7deb8
  FBSDKLoginKit: d893fcbb98d854496925e9ff73c67b896982d3c4
  M13OrderedDictionary: 6e157fe9c82aa6b3cd7198f5c5c30c7a6834c4a6
  ObjectiveDDP: 87609d002487bdb2e81b460de707b684551c04de
  SocketRocket: 7284ab9370a06c99aba92b2fe3a32aedd0f9a6fa

COCOAPODS: 0.39.0
