// !$*UTF8*$!
{
	archiveVersion = 1;
	classes = {
	};
	objectVersion = 46;
	objects = {

/* Begin PBXBuildFile section */
		1ED81DEA5834CD3E67105F80 /* Pods_ThumbARide.framework in Frameworks */ = {isa = PBXBuildFile; fileRef = 65D5A6D4070BBD948663D9E5 /* Pods_ThumbARide.framework */; };
		38187A271BFD562C009089C4 /* DetailsViewController.m in Sources */ = {isa = PBXBuildFile; fileRef = 38187A251BFD562C009089C4 /* DetailsViewController.m */; };
		38187A281BFD562C009089C4 /* DetailsViewController.xib in Resources */ = {isa = PBXBuildFile; fileRef = 38187A261BFD562C009089C4 /* DetailsViewController.xib */; };
		386D912B1BFE9D4300A287FA /* DriverAnnotationView.m in Sources */ = {isa = PBXBuildFile; fileRef = 386D912A1BFE9D4300A287FA /* DriverAnnotationView.m */; };
		386D912E1BFE9D4D00A287FA /* RiderAnnotationView.m in Sources */ = {isa = PBXBuildFile; fileRef = 386D912D1BFE9D4D00A287FA /* RiderAnnotationView.m */; };
		386D91311BFE9D6100A287FA /* AnnoationView.m in Sources */ = {isa = PBXBuildFile; fileRef = 386D91301BFE9D6100A287FA /* AnnoationView.m */; };
		386D91341BFE9D7500A287FA /* DestinationAnnotationView.m in Sources */ = {isa = PBXBuildFile; fileRef = 386D91331BFE9D7500A287FA /* DestinationAnnotationView.m */; };
		386D91361BFEAE6B00A287FA /* Assets.xcassets in Resources */ = {isa = PBXBuildFile; fileRef = 386D91351BFEAE6B00A287FA /* Assets.xcassets */; };
		3FE7C7301BFF976500CF1606 /* LaunchScreen.storyboard in Resources */ = {isa = PBXBuildFile; fileRef = 3FE7C72F1BFF976500CF1606 /* LaunchScreen.storyboard */; };
		8E3F94F21BFD4EA00019036D /* LoginViewController.m in Sources */ = {isa = PBXBuildFile; fileRef = 8E3F94F11BFD4EA00019036D /* LoginViewController.m */; };
		8E3F94F51BFD4EC00019036D /* AppDelegate.m in Sources */ = {isa = PBXBuildFile; fileRef = 8E3F94F41BFD4EC00019036D /* AppDelegate.m */; };
		8E3F94F81BFD4EDC0019036D /* main.m in Sources */ = {isa = PBXBuildFile; fileRef = 8E3F94F71BFD4EDC0019036D /* main.m */; };
		8E3F94FB1BFD51E90019036D /* RideViewController.m in Sources */ = {isa = PBXBuildFile; fileRef = 8E3F94FA1BFD51E90019036D /* RideViewController.m */; };
		8E3F94FE1BFD59280019036D /* RideViewModel.m in Sources */ = {isa = PBXBuildFile; fileRef = 8E3F94FD1BFD59280019036D /* RideViewModel.m */; };
		8E766DFC1BFE8E2500FF6AE4 /* MKMapView+ZoomLevel.m in Sources */ = {isa = PBXBuildFile; fileRef = 8E766DFB1BFE8E2500FF6AE4 /* MKMapView+ZoomLevel.m */; };
		8E766E071BFF4C9600FF6AE4 /* ProfileViewController.m in Sources */ = {isa = PBXBuildFile; fileRef = 8E766E061BFF4C9600FF6AE4 /* ProfileViewController.m */; };
		8E766E091BFF61D700FF6AE4 /* Images.xcassets in Resources */ = {isa = PBXBuildFile; fileRef = 8E766E081BFF61D700FF6AE4 /* Images.xcassets */; };
		BE3F153C1BFD220B0072E5F2 /* Main.storyboard in Resources */ = {isa = PBXBuildFile; fileRef = BE3F153A1BFD220B0072E5F2 /* Main.storyboard */; };
		BE3F15411BFD220B0072E5F2 /* LaunchScreen.storyboard in Resources */ = {isa = PBXBuildFile; fileRef = BE3F153F1BFD220B0072E5F2 /* LaunchScreen.storyboard */; };
/* End PBXBuildFile section */

/* Begin PBXFileReference section */
		2C6ED4EFAA22094A5B95F82A /* Pods-ThumbARide.release.xcconfig */ = {isa = PBXFileReference; includeInIndex = 1; lastKnownFileType = text.xcconfig; name = "Pods-ThumbARide.release.xcconfig"; path = "Pods/Target Support Files/Pods-ThumbARide/Pods-ThumbARide.release.xcconfig"; sourceTree = "<group>"; };
		38187A241BFD562C009089C4 /* DetailsViewController.h */ = {isa = PBXFileReference; fileEncoding = 4; lastKnownFileType = sourcecode.c.h; path = DetailsViewController.h; sourceTree = "<group>"; };
		38187A251BFD562C009089C4 /* DetailsViewController.m */ = {isa = PBXFileReference; fileEncoding = 4; lastKnownFileType = sourcecode.c.objc; path = DetailsViewController.m; sourceTree = "<group>"; };
		38187A261BFD562C009089C4 /* DetailsViewController.xib */ = {isa = PBXFileReference; fileEncoding = 4; lastKnownFileType = file.xib; path = DetailsViewController.xib; sourceTree = "<group>"; };
		386D91291BFE9D4300A287FA /* DriverAnnotationView.h */ = {isa = PBXFileReference; fileEncoding = 4; lastKnownFileType = sourcecode.c.h; path = DriverAnnotationView.h; sourceTree = "<group>"; };
		386D912A1BFE9D4300A287FA /* DriverAnnotationView.m */ = {isa = PBXFileReference; fileEncoding = 4; lastKnownFileType = sourcecode.c.objc; path = DriverAnnotationView.m; sourceTree = "<group>"; };
		386D912C1BFE9D4D00A287FA /* RiderAnnotationView.h */ = {isa = PBXFileReference; fileEncoding = 4; lastKnownFileType = sourcecode.c.h; path = RiderAnnotationView.h; sourceTree = "<group>"; };
		386D912D1BFE9D4D00A287FA /* RiderAnnotationView.m */ = {isa = PBXFileReference; fileEncoding = 4; lastKnownFileType = sourcecode.c.objc; path = RiderAnnotationView.m; sourceTree = "<group>"; };
		386D912F1BFE9D6100A287FA /* AnnoationView.h */ = {isa = PBXFileReference; fileEncoding = 4; lastKnownFileType = sourcecode.c.h; path = AnnoationView.h; sourceTree = "<group>"; };
		386D91301BFE9D6100A287FA /* AnnoationView.m */ = {isa = PBXFileReference; fileEncoding = 4; lastKnownFileType = sourcecode.c.objc; path = AnnoationView.m; sourceTree = "<group>"; };
		386D91321BFE9D7500A287FA /* DestinationAnnotationView.h */ = {isa = PBXFileReference; fileEncoding = 4; lastKnownFileType = sourcecode.c.h; path = DestinationAnnotationView.h; sourceTree = "<group>"; };
		386D91331BFE9D7500A287FA /* DestinationAnnotationView.m */ = {isa = PBXFileReference; fileEncoding = 4; lastKnownFileType = sourcecode.c.objc; path = DestinationAnnotationView.m; sourceTree = "<group>"; };
		386D91351BFEAE6B00A287FA /* Assets.xcassets */ = {isa = PBXFileReference; lastKnownFileType = folder.assetcatalog; path = Assets.xcassets; sourceTree = "<group>"; };
		3FE7C72F1BFF976500CF1606 /* LaunchScreen.storyboard */ = {isa = PBXFileReference; fileEncoding = 4; lastKnownFileType = file.storyboard; path = LaunchScreen.storyboard; sourceTree = "<group>"; };
		65D5A6D4070BBD948663D9E5 /* Pods_ThumbARide.framework */ = {isa = PBXFileReference; explicitFileType = wrapper.framework; includeInIndex = 0; path = Pods_ThumbARide.framework; sourceTree = BUILT_PRODUCTS_DIR; };
		8E3F94F01BFD4EA00019036D /* LoginViewController.h */ = {isa = PBXFileReference; fileEncoding = 4; lastKnownFileType = sourcecode.c.h; path = LoginViewController.h; sourceTree = "<group>"; };
		8E3F94F11BFD4EA00019036D /* LoginViewController.m */ = {isa = PBXFileReference; fileEncoding = 4; lastKnownFileType = sourcecode.c.objc; path = LoginViewController.m; sourceTree = "<group>"; };
		8E3F94F31BFD4EC00019036D /* AppDelegate.h */ = {isa = PBXFileReference; fileEncoding = 4; lastKnownFileType = sourcecode.c.h; path = AppDelegate.h; sourceTree = "<group>"; };
		8E3F94F41BFD4EC00019036D /* AppDelegate.m */ = {isa = PBXFileReference; fileEncoding = 4; lastKnownFileType = sourcecode.c.objc; path = AppDelegate.m; sourceTree = "<group>"; };
		8E3F94F71BFD4EDC0019036D /* main.m */ = {isa = PBXFileReference; fileEncoding = 4; lastKnownFileType = sourcecode.c.objc; path = main.m; sourceTree = "<group>"; };
		8E3F94F91BFD51E90019036D /* RideViewController.h */ = {isa = PBXFileReference; fileEncoding = 4; lastKnownFileType = sourcecode.c.h; path = RideViewController.h; sourceTree = "<group>"; };
		8E3F94FA1BFD51E90019036D /* RideViewController.m */ = {isa = PBXFileReference; fileEncoding = 4; lastKnownFileType = sourcecode.c.objc; path = RideViewController.m; sourceTree = "<group>"; };
		8E3F94FC1BFD59280019036D /* RideViewModel.h */ = {isa = PBXFileReference; fileEncoding = 4; lastKnownFileType = sourcecode.c.h; path = RideViewModel.h; sourceTree = "<group>"; };
		8E3F94FD1BFD59280019036D /* RideViewModel.m */ = {isa = PBXFileReference; fileEncoding = 4; lastKnownFileType = sourcecode.c.objc; path = RideViewModel.m; sourceTree = "<group>"; };
		8E766DFA1BFE8E2500FF6AE4 /* MKMapView+ZoomLevel.h */ = {isa = PBXFileReference; fileEncoding = 4; lastKnownFileType = sourcecode.c.h; path = "MKMapView+ZoomLevel.h"; sourceTree = "<group>"; };
		8E766DFB1BFE8E2500FF6AE4 /* MKMapView+ZoomLevel.m */ = {isa = PBXFileReference; fileEncoding = 4; lastKnownFileType = sourcecode.c.objc; path = "MKMapView+ZoomLevel.m"; sourceTree = "<group>"; };
		8E766E051BFF4C9600FF6AE4 /* ProfileViewController.h */ = {isa = PBXFileReference; fileEncoding = 4; lastKnownFileType = sourcecode.c.h; path = ProfileViewController.h; sourceTree = "<group>"; };
		8E766E061BFF4C9600FF6AE4 /* ProfileViewController.m */ = {isa = PBXFileReference; fileEncoding = 4; lastKnownFileType = sourcecode.c.objc; path = ProfileViewController.m; sourceTree = "<group>"; };
		8E766E081BFF61D700FF6AE4 /* Images.xcassets */ = {isa = PBXFileReference; lastKnownFileType = folder.assetcatalog; path = Images.xcassets; sourceTree = "<group>"; };
		BB00D24114A99503DB0A2908 /* Pods-ThumbARide.debug.xcconfig */ = {isa = PBXFileReference; includeInIndex = 1; lastKnownFileType = text.xcconfig; name = "Pods-ThumbARide.debug.xcconfig"; path = "Pods/Target Support Files/Pods-ThumbARide/Pods-ThumbARide.debug.xcconfig"; sourceTree = "<group>"; };
		BE3F15331BFD220B0072E5F2 /* ThumbARide.app */ = {isa = PBXFileReference; explicitFileType = wrapper.application; includeInIndex = 0; path = ThumbARide.app; sourceTree = BUILT_PRODUCTS_DIR; };
		BE3F153B1BFD220B0072E5F2 /* Base */ = {isa = PBXFileReference; lastKnownFileType = file.storyboard; name = Base; path = Base.lproj/Main.storyboard; sourceTree = "<group>"; };
		BE3F15401BFD220B0072E5F2 /* Base */ = {isa = PBXFileReference; lastKnownFileType = file.storyboard; name = Base; path = Base.lproj/LaunchScreen.storyboard; sourceTree = "<group>"; };
		BE3F15421BFD220B0072E5F2 /* Info.plist */ = {isa = PBXFileReference; lastKnownFileType = text.plist.xml; path = Info.plist; sourceTree = "<group>"; };
		BE3F15541BFD4AA20072E5F2 /* ThumbARide-Bridging-Header.h */ = {isa = PBXFileReference; lastKnownFileType = sourcecode.c.h; path = "ThumbARide-Bridging-Header.h"; sourceTree = "<group>"; };
/* End PBXFileReference section */

/* Begin PBXFrameworksBuildPhase section */
		BE3F15301BFD220A0072E5F2 /* Frameworks */ = {
			isa = PBXFrameworksBuildPhase;
			buildActionMask = 2147483647;
			files = (
				1ED81DEA5834CD3E67105F80 /* Pods_ThumbARide.framework in Frameworks */,
			);
			runOnlyForDeploymentPostprocessing = 0;
		};
/* End PBXFrameworksBuildPhase section */

/* Begin PBXGroup section */
		386D91281BFE9C4500A287FA /* AnnotationViews */ = {
			isa = PBXGroup;
			children = (
				386D912F1BFE9D6100A287FA /* AnnoationView.h */,
				386D91301BFE9D6100A287FA /* AnnoationView.m */,
				386D91321BFE9D7500A287FA /* DestinationAnnotationView.h */,
				386D91331BFE9D7500A287FA /* DestinationAnnotationView.m */,
				386D912C1BFE9D4D00A287FA /* RiderAnnotationView.h */,
				386D912D1BFE9D4D00A287FA /* RiderAnnotationView.m */,
				386D91291BFE9D4300A287FA /* DriverAnnotationView.h */,
				386D912A1BFE9D4300A287FA /* DriverAnnotationView.m */,
			);
			name = AnnotationViews;
			sourceTree = "<group>";
		};
		60BF24A69FC2D29263EB3037 /* Frameworks */ = {
			isa = PBXGroup;
			children = (
				65D5A6D4070BBD948663D9E5 /* Pods_ThumbARide.framework */,
			);
			name = Frameworks;
			sourceTree = "<group>";
		};
		8E766DF91BFE8DFF00FF6AE4 /* Util */ = {
			isa = PBXGroup;
			children = (
				8E766DFA1BFE8E2500FF6AE4 /* MKMapView+ZoomLevel.h */,
				8E766DFB1BFE8E2500FF6AE4 /* MKMapView+ZoomLevel.m */,
			);
			name = Util;
			sourceTree = "<group>";
		};
		BE3F152A1BFD220A0072E5F2 = {
			isa = PBXGroup;
			children = (
				BE3F15351BFD220B0072E5F2 /* ThumbARide */,
				BE3F15341BFD220B0072E5F2 /* Products */,
				EA85AAD206825B2952507E14 /* Pods */,
				60BF24A69FC2D29263EB3037 /* Frameworks */,
			);
			sourceTree = "<group>";
		};
		BE3F15341BFD220B0072E5F2 /* Products */ = {
			isa = PBXGroup;
			children = (
				BE3F15331BFD220B0072E5F2 /* ThumbARide.app */,
			);
			name = Products;
			sourceTree = "<group>";
		};
		BE3F15351BFD220B0072E5F2 /* ThumbARide */ = {
			isa = PBXGroup;
			children = (
				8E766E051BFF4C9600FF6AE4 /* ProfileViewController.h */,
				8E766E061BFF4C9600FF6AE4 /* ProfileViewController.m */,
				386D91281BFE9C4500A287FA /* AnnotationViews */,
				8E766DF91BFE8DFF00FF6AE4 /* Util */,
				BE3F153A1BFD220B0072E5F2 /* Main.storyboard */,
				BE3F153F1BFD220B0072E5F2 /* LaunchScreen.storyboard */,
				386D91351BFEAE6B00A287FA /* Assets.xcassets */,
				BE3F15421BFD220B0072E5F2 /* Info.plist */,
				BE3F15541BFD4AA20072E5F2 /* ThumbARide-Bridging-Header.h */,
				8E3F94F01BFD4EA00019036D /* LoginViewController.h */,
				8E3F94F11BFD4EA00019036D /* LoginViewController.m */,
				8E3F94F31BFD4EC00019036D /* AppDelegate.h */,
				8E3F94F41BFD4EC00019036D /* AppDelegate.m */,
				38187A241BFD562C009089C4 /* DetailsViewController.h */,
				38187A251BFD562C009089C4 /* DetailsViewController.m */,
				38187A261BFD562C009089C4 /* DetailsViewController.xib */,
				8E3F94F71BFD4EDC0019036D /* main.m */,
				8E3F94F91BFD51E90019036D /* RideViewController.h */,
				8E3F94FA1BFD51E90019036D /* RideViewController.m */,
				8E3F94FC1BFD59280019036D /* RideViewModel.h */,
				8E3F94FD1BFD59280019036D /* RideViewModel.m */,
				3FE7C72F1BFF976500CF1606 /* LaunchScreen.storyboard */,
				8E766E081BFF61D700FF6AE4 /* Images.xcassets */,
			);
			path = ThumbARide;
			sourceTree = "<group>";
		};
		EA85AAD206825B2952507E14 /* Pods */ = {
			isa = PBXGroup;
			children = (
				BB00D24114A99503DB0A2908 /* Pods-ThumbARide.debug.xcconfig */,
				2C6ED4EFAA22094A5B95F82A /* Pods-ThumbARide.release.xcconfig */,
			);
			name = Pods;
			sourceTree = "<group>";
		};
/* End PBXGroup section */

/* Begin PBXNativeTarget section */
		BE3F15321BFD220A0072E5F2 /* ThumbARide */ = {
			isa = PBXNativeTarget;
			buildConfigurationList = BE3F15451BFD220B0072E5F2 /* Build configuration list for PBXNativeTarget "ThumbARide" */;
			buildPhases = (
				DD9FDA36F22D1F2B60F12F1E /* Check Pods Manifest.lock */,
				BE3F152F1BFD220A0072E5F2 /* Sources */,
				BE3F15301BFD220A0072E5F2 /* Frameworks */,
				BE3F15311BFD220A0072E5F2 /* Resources */,
				62EC75BAE77FF888E03A5608 /* Embed Pods Frameworks */,
				4368014AEEB733C4E278EE59 /* Copy Pods Resources */,
			);
			buildRules = (
			);
			dependencies = (
			);
			name = ThumbARide;
			productName = ThumbARide;
			productReference = BE3F15331BFD220B0072E5F2 /* ThumbARide.app */;
			productType = "com.apple.product-type.application";
		};
/* End PBXNativeTarget section */

/* Begin PBXProject section */
		BE3F152B1BFD220A0072E5F2 /* Project object */ = {
			isa = PBXProject;
			attributes = {
				LastSwiftUpdateCheck = 0710;
				LastUpgradeCheck = 0710;
				ORGANIZATIONNAME = Pandora;
				TargetAttributes = {
					BE3F15321BFD220A0072E5F2 = {
						CreatedOnToolsVersion = 7.1;
					};
				};
			};
			buildConfigurationList = BE3F152E1BFD220A0072E5F2 /* Build configuration list for PBXProject "ThumbARide" */;
			compatibilityVersion = "Xcode 3.2";
			developmentRegion = English;
			hasScannedForEncodings = 0;
			knownRegions = (
				en,
				Base,
			);
			mainGroup = BE3F152A1BFD220A0072E5F2;
			productRefGroup = BE3F15341BFD220B0072E5F2 /* Products */;
			projectDirPath = "";
			projectRoot = "";
			targets = (
				BE3F15321BFD220A0072E5F2 /* ThumbARide */,
			);
		};
/* End PBXProject section */

/* Begin PBXResourcesBuildPhase section */
		BE3F15311BFD220A0072E5F2 /* Resources */ = {
			isa = PBXResourcesBuildPhase;
			buildActionMask = 2147483647;
			files = (
				BE3F15411BFD220B0072E5F2 /* LaunchScreen.storyboard in Resources */,
				8E766E091BFF61D700FF6AE4 /* Images.xcassets in Resources */,
				BE3F153C1BFD220B0072E5F2 /* Main.storyboard in Resources */,
				386D91361BFEAE6B00A287FA /* Assets.xcassets in Resources */,
				3FE7C7301BFF976500CF1606 /* LaunchScreen.storyboard in Resources */,
				38187A281BFD562C009089C4 /* DetailsViewController.xib in Resources */,
			);
			runOnlyForDeploymentPostprocessing = 0;
		};
/* End PBXResourcesBuildPhase section */

/* Begin PBXShellScriptBuildPhase section */
		4368014AEEB733C4E278EE59 /* Copy Pods Resources */ = {
			isa = PBXShellScriptBuildPhase;
			buildActionMask = 2147483647;
			files = (
			);
			inputPaths = (
			);
			name = "Copy Pods Resources";
			outputPaths = (
			);
			runOnlyForDeploymentPostprocessing = 0;
			shellPath = /bin/sh;
			shellScript = "\"${SRCROOT}/Pods/Target Support Files/Pods-ThumbARide/Pods-ThumbARide-resources.sh\"\n";
			showEnvVarsInLog = 0;
		};
		62EC75BAE77FF888E03A5608 /* Embed Pods Frameworks */ = {
			isa = PBXShellScriptBuildPhase;
			buildActionMask = 2147483647;
			files = (
			);
			inputPaths = (
			);
			name = "Embed Pods Frameworks";
			outputPaths = (
			);
			runOnlyForDeploymentPostprocessing = 0;
			shellPath = /bin/sh;
			shellScript = "\"${SRCROOT}/Pods/Target Support Files/Pods-ThumbARide/Pods-ThumbARide-frameworks.sh\"\n";
			showEnvVarsInLog = 0;
		};
		DD9FDA36F22D1F2B60F12F1E /* Check Pods Manifest.lock */ = {
			isa = PBXShellScriptBuildPhase;
			buildActionMask = 2147483647;
			files = (
			);
			inputPaths = (
			);
			name = "Check Pods Manifest.lock";
			outputPaths = (
			);
			runOnlyForDeploymentPostprocessing = 0;
			shellPath = /bin/sh;
			shellScript = "diff \"${PODS_ROOT}/../Podfile.lock\" \"${PODS_ROOT}/Manifest.lock\" > /dev/null\nif [[ $? != 0 ]] ; then\n    cat << EOM\nerror: The sandbox is not in sync with the Podfile.lock. Run 'pod install' or update your CocoaPods installation.\nEOM\n    exit 1\nfi\n";
			showEnvVarsInLog = 0;
		};
/* End PBXShellScriptBuildPhase section */

/* Begin PBXSourcesBuildPhase section */
		BE3F152F1BFD220A0072E5F2 /* Sources */ = {
			isa = PBXSourcesBuildPhase;
			buildActionMask = 2147483647;
			files = (
				8E766DFC1BFE8E2500FF6AE4 /* MKMapView+ZoomLevel.m in Sources */,
				386D91341BFE9D7500A287FA /* DestinationAnnotationView.m in Sources */,
				8E3F94F51BFD4EC00019036D /* AppDelegate.m in Sources */,
				38187A271BFD562C009089C4 /* DetailsViewController.m in Sources */,
				386D912B1BFE9D4300A287FA /* DriverAnnotationView.m in Sources */,
				8E3F94F81BFD4EDC0019036D /* main.m in Sources */,
				386D912E1BFE9D4D00A287FA /* RiderAnnotationView.m in Sources */,
				386D91311BFE9D6100A287FA /* AnnoationView.m in Sources */,
				8E3F94FE1BFD59280019036D /* RideViewModel.m in Sources */,
				8E3F94F21BFD4EA00019036D /* LoginViewController.m in Sources */,
				8E766E071BFF4C9600FF6AE4 /* ProfileViewController.m in Sources */,
				8E3F94FB1BFD51E90019036D /* RideViewController.m in Sources */,
			);
			runOnlyForDeploymentPostprocessing = 0;
		};
/* End PBXSourcesBuildPhase section */

/* Begin PBXVariantGroup section */
		BE3F153A1BFD220B0072E5F2 /* Main.storyboard */ = {
			isa = PBXVariantGroup;
			children = (
				BE3F153B1BFD220B0072E5F2 /* Base */,
			);
			name = Main.storyboard;
			sourceTree = "<group>";
		};
		BE3F153F1BFD220B0072E5F2 /* LaunchScreen.storyboard */ = {
			isa = PBXVariantGroup;
			children = (
				BE3F15401BFD220B0072E5F2 /* Base */,
			);
			name = LaunchScreen.storyboard;
			sourceTree = "<group>";
		};
/* End PBXVariantGroup section */

/* Begin XCBuildConfiguration section */
		BE3F15431BFD220B0072E5F2 /* Debug */ = {
			isa = XCBuildConfiguration;
			buildSettings = {
				ALWAYS_SEARCH_USER_PATHS = NO;
				CLANG_CXX_LANGUAGE_STANDARD = "gnu++0x";
				CLANG_CXX_LIBRARY = "libc++";
				CLANG_ENABLE_MODULES = YES;
				CLANG_ENABLE_OBJC_ARC = YES;
				CLANG_WARN_BOOL_CONVERSION = YES;
				CLANG_WARN_CONSTANT_CONVERSION = YES;
				CLANG_WARN_DIRECT_OBJC_ISA_USAGE = YES_ERROR;
				CLANG_WARN_EMPTY_BODY = YES;
				CLANG_WARN_ENUM_CONVERSION = YES;
				CLANG_WARN_INT_CONVERSION = YES;
				CLANG_WARN_OBJC_ROOT_CLASS = YES_ERROR;
				CLANG_WARN_UNREACHABLE_CODE = YES;
				CLANG_WARN__DUPLICATE_METHOD_MATCH = YES;
				"CODE_SIGN_IDENTITY[sdk=iphoneos*]" = "iPhone Developer";
				COPY_PHASE_STRIP = NO;
				DEBUG_INFORMATION_FORMAT = dwarf;
				ENABLE_STRICT_OBJC_MSGSEND = YES;
				ENABLE_TESTABILITY = YES;
				GCC_C_LANGUAGE_STANDARD = gnu99;
				GCC_DYNAMIC_NO_PIC = NO;
				GCC_NO_COMMON_BLOCKS = YES;
				GCC_OPTIMIZATION_LEVEL = 0;
				GCC_PREPROCESSOR_DEFINITIONS = (
					"DEBUG=1",
					"$(inherited)",
				);
				GCC_WARN_64_TO_32_BIT_CONVERSION = YES;
				GCC_WARN_ABOUT_RETURN_TYPE = YES_ERROR;
				GCC_WARN_UNDECLARED_SELECTOR = YES;
				GCC_WARN_UNINITIALIZED_AUTOS = YES_AGGRESSIVE;
				GCC_WARN_UNUSED_FUNCTION = YES;
				GCC_WARN_UNUSED_VARIABLE = YES;
				IPHONEOS_DEPLOYMENT_TARGET = 9.1;
				MTL_ENABLE_DEBUG_INFO = YES;
				ONLY_ACTIVE_ARCH = YES;
				SDKROOT = iphoneos;
				SWIFT_OPTIMIZATION_LEVEL = "-Onone";
			};
			name = Debug;
		};
		BE3F15441BFD220B0072E5F2 /* Release */ = {
			isa = XCBuildConfiguration;
			buildSettings = {
				ALWAYS_SEARCH_USER_PATHS = NO;
				CLANG_CXX_LANGUAGE_STANDARD = "gnu++0x";
				CLANG_CXX_LIBRARY = "libc++";
				CLANG_ENABLE_MODULES = YES;
				CLANG_ENABLE_OBJC_ARC = YES;
				CLANG_WARN_BOOL_CONVERSION = YES;
				CLANG_WARN_CONSTANT_CONVERSION = YES;
				CLANG_WARN_DIRECT_OBJC_ISA_USAGE = YES_ERROR;
				CLANG_WARN_EMPTY_BODY = YES;
				CLANG_WARN_ENUM_CONVERSION = YES;
				CLANG_WARN_INT_CONVERSION = YES;
				CLANG_WARN_OBJC_ROOT_CLASS = YES_ERROR;
				CLANG_WARN_UNREACHABLE_CODE = YES;
				CLANG_WARN__DUPLICATE_METHOD_MATCH = YES;
				"CODE_SIGN_IDENTITY[sdk=iphoneos*]" = "iPhone Developer";
				COPY_PHASE_STRIP = NO;
				DEBUG_INFORMATION_FORMAT = "dwarf-with-dsym";
				ENABLE_NS_ASSERTIONS = NO;
				ENABLE_STRICT_OBJC_MSGSEND = YES;
				GCC_C_LANGUAGE_STANDARD = gnu99;
				GCC_NO_COMMON_BLOCKS = YES;
				GCC_WARN_64_TO_32_BIT_CONVERSION = YES;
				GCC_WARN_ABOUT_RETURN_TYPE = YES_ERROR;
				GCC_WARN_UNDECLARED_SELECTOR = YES;
				GCC_WARN_UNINITIALIZED_AUTOS = YES_AGGRESSIVE;
				GCC_WARN_UNUSED_FUNCTION = YES;
				GCC_WARN_UNUSED_VARIABLE = YES;
				IPHONEOS_DEPLOYMENT_TARGET = 9.1;
				MTL_ENABLE_DEBUG_INFO = NO;
				SDKROOT = iphoneos;
				VALIDATE_PRODUCT = YES;
			};
			name = Release;
		};
		BE3F15461BFD220B0072E5F2 /* Debug */ = {
			isa = XCBuildConfiguration;
			baseConfigurationReference = BB00D24114A99503DB0A2908 /* Pods-ThumbARide.debug.xcconfig */;
			buildSettings = {
				CLANG_ENABLE_MODULES = YES;
				ENABLE_BITCODE = NO;
				INFOPLIST_FILE = ThumbARide/Info.plist;
				LD_RUNPATH_SEARCH_PATHS = "$(inherited) @executable_path/Frameworks";
				PRODUCT_BUNDLE_IDENTIFIER = com.pandora.ThumbARide;
				PRODUCT_NAME = "$(TARGET_NAME)";
				SWIFT_OBJC_BRIDGING_HEADER = "ThumbARide/ThumbARide-Bridging-Header.h";
				SWIFT_OPTIMIZATION_LEVEL = "-Onone";
			};
			name = Debug;
		};
		BE3F15471BFD220B0072E5F2 /* Release */ = {
			isa = XCBuildConfiguration;
			baseConfigurationReference = 2C6ED4EFAA22094A5B95F82A /* Pods-ThumbARide.release.xcconfig */;
			buildSettings = {
				CLANG_ENABLE_MODULES = YES;
				ENABLE_BITCODE = NO;
				INFOPLIST_FILE = ThumbARide/Info.plist;
				LD_RUNPATH_SEARCH_PATHS = "$(inherited) @executable_path/Frameworks";
				PRODUCT_BUNDLE_IDENTIFIER = com.pandora.ThumbARide;
				PRODUCT_NAME = "$(TARGET_NAME)";
				SWIFT_OBJC_BRIDGING_HEADER = "ThumbARide/ThumbARide-Bridging-Header.h";
			};
			name = Release;
		};
/* End XCBuildConfiguration section */

/* Begin XCConfigurationList section */
		BE3F152E1BFD220A0072E5F2 /* Build configuration list for PBXProject "ThumbARide" */ = {
			isa = XCConfigurationList;
			buildConfigurations = (
				BE3F15431BFD220B0072E5F2 /* Debug */,
				BE3F15441BFD220B0072E5F2 /* Release */,
			);
			defaultConfigurationIsVisible = 0;
			defaultConfigurationName = Release;
		};
		BE3F15451BFD220B0072E5F2 /* Build configuration list for PBXNativeTarget "ThumbARide" */ = {
			isa = XCConfigurationList;
			buildConfigurations = (
				BE3F15461BFD220B0072E5F2 /* Debug */,
				BE3F15471BFD220B0072E5F2 /* Release */,
			);
			defaultConfigurationIsVisible = 0;
			defaultConfigurationName = Release;
		};
/* End XCConfigurationList section */
	};
	rootObject = BE3F152B1BFD220A0072E5F2 /* Project object */;
}
